
Microsoft Visual Studio Solution File, Format Version 12.00
Project("{FAE04EC0-301F-11D3-BF4B-00C04F79EFBC}") = "SecretHitlerBot", "SecretHitlerBot.csproj", "{EB9E837D-451B-44A6-B7C0-A96481C1EF6C}"
EndProject
Global
	GlobalSection(SolutionConfigurationPlatforms) = preSolution
		Debug|Any CPU = Debug|Any CPU
		Release|Any CPU = Release|Any CPU
	EndGlobalSection
	GlobalSection(ProjectConfigurationPlatforms) = postSolution
		{EB9E837D-451B-44A6-B7C0-A96481C1EF6C}.Debug|Any CPU.ActiveCfg = Debug|Any CPU
		{EB9E837D-451B-44A6-B7C0-A96481C1EF6C}.Debug|Any CPU.Build.0 = Debug|Any CPU
		{EB9E837D-451B-44A6-B7C0-A96481C1EF6C}.Release|Any CPU.ActiveCfg = Release|Any CPU
		{EB9E837D-451B-44A6-B7C0-A96481C1EF6C}.Release|Any CPU.Build.0 = Release|Any CPU
	EndGlobalSection
EndGlobal
